{
  "name": "ehcb-sponser-app",
  "version": "1.0.0",
  "lockfileVersion": 3,
  "requires": true,
  "packages": {
    "": {
      "name": "ehcb-sponser-app",
      "version": "1.0.0",
      "dependencies": {
        "resend": "^6.0.1"
      }
    },
    "node_modules/resend": {
      "version": "6.0.1",
      "license": "MIT",
      "engines": {
        "node": ">=18"
      },
      "peerDependencies": {
        "@react-email/render": "^1.1.0"
      },
      "peerDependenciesMeta": {
        "@react-email/render": {
          "optional": true
        }
      }
    }
  }
}
